
Microsoft Visual Studio Solution File, Format Version 12.00
# Visual Studio 15
VisualStudioVersion = 15.0.27130.2010
MinimumVisualStudioVersion = 10.0.40219.1
Project("{FAE04EC0-301F-11D3-BF4B-00C04F79EFBC}") = "DDDSkeletonNET.Infrastructure.Common", "DDDSkeletonNET.Infrastructure.Common\DDDSkeletonNET.Infrastructure.Common.csproj", "{9B98BAA6-8CC5-49E3-914F-E76C0C58E934}"
EndProject
Project("{FAE04EC0-301F-11D3-BF4B-00C04F79EFBC}") = "DDDSkeleton.Portal.Domain", "DDDSkeleton.Portal.Domain\DDDSkeleton.Portal.Domain.csproj", "{FE3A7DB2-2E2E-476D-8FF7-2A59EA18E001}"
EndProject
Project("{FAE04EC0-301F-11D3-BF4B-00C04F79EFBC}") = "DDDSkeletonNET.Portal.Repository.Memory", "DDDSkeletonNET.Portal.Repository.Memory\DDDSkeletonNET.Portal.Repository.Memory.csproj", "{52025957-A043-438F-B1F8-A0DE4219530A}"
EndProject
Global
	GlobalSection(SolutionConfigurationPlatforms) = preSolution
		Debug|Any CPU = Debug|Any CPU
		Release|Any CPU = Release|Any CPU
	EndGlobalSection
	GlobalSection(ProjectConfigurationPlatforms) = postSolution
		{9B98BAA6-8CC5-49E3-914F-E76C0C58E934}.Debug|Any CPU.ActiveCfg = Debug|Any CPU
		{9B98BAA6-8CC5-49E3-914F-E76C0C58E934}.Debug|Any CPU.Build.0 = Debug|Any CPU
		{9B98BAA6-8CC5-49E3-914F-E76C0C58E934}.Release|Any CPU.ActiveCfg = Release|Any CPU
		{9B98BAA6-8CC5-49E3-914F-E76C0C58E934}.Release|Any CPU.Build.0 = Release|Any CPU
		{FE3A7DB2-2E2E-476D-8FF7-2A59EA18E001}.Debug|Any CPU.ActiveCfg = Debug|Any CPU
		{FE3A7DB2-2E2E-476D-8FF7-2A59EA18E001}.Debug|Any CPU.Build.0 = Debug|Any CPU
		{FE3A7DB2-2E2E-476D-8FF7-2A59EA18E001}.Release|Any CPU.ActiveCfg = Release|Any CPU
		{FE3A7DB2-2E2E-476D-8FF7-2A59EA18E001}.Release|Any CPU.Build.0 = Release|Any CPU
		{52025957-A043-438F-B1F8-A0DE4219530A}.Debug|Any CPU.ActiveCfg = Debug|Any CPU
		{52025957-A043-438F-B1F8-A0DE4219530A}.Debug|Any CPU.Build.0 = Debug|Any CPU
		{52025957-A043-438F-B1F8-A0DE4219530A}.Release|Any CPU.ActiveCfg = Release|Any CPU
		{52025957-A043-438F-B1F8-A0DE4219530A}.Release|Any CPU.Build.0 = Release|Any CPU
	EndGlobalSection
	GlobalSection(SolutionProperties) = preSolution
		HideSolutionNode = FALSE
	EndGlobalSection
	GlobalSection(ExtensibilityGlobals) = postSolution
		SolutionGuid = {353978A2-6EC3-49B6-9C4F-B82EF1A8ED3D}
	EndGlobalSection
EndGlobal
